// !$*UTF8*$!
{
	archiveVersion = 1;
	classes = {
	};
	objectVersion = 56;
	objects = {

/* Begin PBXBuildFile section */
		3C9ED86F2C37063100383B6D /* mytodolistApp.swift in Sources */ = {isa = PBXBuildFile; fileRef = 3C9ED86E2C37063100383B6D /* mytodolistApp.swift */; };
		3C9ED8712C37063100383B6D /* ContentView.swift in Sources */ = {isa = PBXBuildFile; fileRef = 3C9ED8702C37063100383B6D /* ContentView.swift */; };
		3C9ED8732C37063B00383B6D /* Assets.xcassets in Resources */ = {isa = PBXBuildFile; fileRef = 3C9ED8722C37063B00383B6D /* Assets.xcassets */; };
		3C9ED8762C37063B00383B6D /* Preview Assets.xcassets in Resources */ = {isa = PBXBuildFile; fileRef = 3C9ED8752C37063B00383B6D /* Preview Assets.xcassets */; };
		3C9ED8802C37077F00383B6D /* LoginView.swift in Sources */ = {isa = PBXBuildFile; fileRef = 3C9ED87F2C37077F00383B6D /* LoginView.swift */; };
		3C9ED8822C37079700383B6D /* RegistrationView.swift in Sources */ = {isa = PBXBuildFile; fileRef = 3C9ED8812C37079700383B6D /* RegistrationView.swift */; };
		3C9ED8842C3707A600383B6D /* ProfileView.swift in Sources */ = {isa = PBXBuildFile; fileRef = 3C9ED8832C3707A600383B6D /* ProfileView.swift */; };
		3C9ED8862C3707BD00383B6D /* TodoListView.swift in Sources */ = {isa = PBXBuildFile; fileRef = 3C9ED8852C3707BD00383B6D /* TodoListView.swift */; };
		3C9ED8882C3707D000383B6D /* AddTodoView.swift in Sources */ = {isa = PBXBuildFile; fileRef = 3C9ED8872C3707D000383B6D /* AddTodoView.swift */; };
		3C9ED88A2C3707E900383B6D /* LoginViewModel.swift in Sources */ = {isa = PBXBuildFile; fileRef = 3C9ED8892C3707E900383B6D /* LoginViewModel.swift */; };
		3C9ED88C2C3707F900383B6D /* RegistrationViewModel.swift in Sources */ = {isa = PBXBuildFile; fileRef = 3C9ED88B2C3707F900383B6D /* RegistrationViewModel.swift */; };
		3C9ED88E2C37081200383B6D /* AddTodoViewModel.swift in Sources */ = {isa = PBXBuildFile; fileRef = 3C9ED88D2C37081200383B6D /* AddTodoViewModel.swift */; };
		3C9ED8902C37082300383B6D /* TodoListViewModel.swift in Sources */ = {isa = PBXBuildFile; fileRef = 3C9ED88F2C37082300383B6D /* TodoListViewModel.swift */; };
		3C9ED8922C3709C500383B6D /* User.swift in Sources */ = {isa = PBXBuildFile; fileRef = 3C9ED8912C3709C500383B6D /* User.swift */; };
		3C9ED8942C3709D500383B6D /* TodoItem.swift in Sources */ = {isa = PBXBuildFile; fileRef = 3C9ED8932C3709D500383B6D /* TodoItem.swift */; };
		3C9ED8962C370A2A00383B6D /* ProfileViewModel.swift in Sources */ = {isa = PBXBuildFile; fileRef = 3C9ED8952C370A2A00383B6D /* ProfileViewModel.swift */; };
		3C9ED8982C370A8300383B6D /* HeaderView.swift in Sources */ = {isa = PBXBuildFile; fileRef = 3C9ED8972C370A8300383B6D /* HeaderView.swift */; };
		3C9ED89A2C370C7D00383B6D /* TodoButtonView.swift in Sources */ = {isa = PBXBuildFile; fileRef = 3C9ED8992C370C7D00383B6D /* TodoButtonView.swift */; };
		3C9ED89C2C37631300383B6D /* HomeTabView.swift in Sources */ = {isa = PBXBuildFile; fileRef = 3C9ED89B2C37631300383B6D /* HomeTabView.swift */; };
		3C9ED89E2C37658D00383B6D /* APIRequest.swift in Sources */ = {isa = PBXBuildFile; fileRef = 3C9ED89D2C37658D00383B6D /* APIRequest.swift */; };
		3C9ED8A42C38555A00383B6D /* WebService.swift in Sources */ = {isa = PBXBuildFile; fileRef = 3C9ED8A32C38555A00383B6D /* WebService.swift */; };
		3C9ED8A72C38DF6300383B6D /* Constants.swift in Sources */ = {isa = PBXBuildFile; fileRef = 3C9ED8A62C38DF6200383B6D /* Constants.swift */; };
		3CD086CA2C3B3282006A22C8 /* ActivityIndicatorView.swift in Sources */ = {isa = PBXBuildFile; fileRef = 3CD086C92C3B3282006A22C8 /* ActivityIndicatorView.swift */; };
		3CD086CC2C3B34A2006A22C8 /* ActivityIndicator.swift in Sources */ = {isa = PBXBuildFile; fileRef = 3CD086CB2C3B34A2006A22C8 /* ActivityIndicator.swift */; };
		3CD086CE2C3CC582006A22C8 /* AppState.swift in Sources */ = {isa = PBXBuildFile; fileRef = 3CD086CD2C3CC582006A22C8 /* AppState.swift */; };
		3CD086D02C3DE196006A22C8 /* TempTodiView.swift in Sources */ = {isa = PBXBuildFile; fileRef = 3CD086CF2C3DE196006A22C8 /* TempTodiView.swift */; };
/* End PBXBuildFile section */

/* Begin PBXFileReference section */
		3C9ED86B2C37063100383B6D /* mytodolist.app */ = {isa = PBXFileReference; explicitFileType = wrapper.application; includeInIndex = 0; path = mytodolist.app; sourceTree = BUILT_PRODUCTS_DIR; };
		3C9ED86E2C37063100383B6D /* mytodolistApp.swift */ = {isa = PBXFileReference; lastKnownFileType = sourcecode.swift; path = mytodolistApp.swift; sourceTree = "<group>"; };
		3C9ED8702C37063100383B6D /* ContentView.swift */ = {isa = PBXFileReference; lastKnownFileType = sourcecode.swift; path = ContentView.swift; sourceTree = "<group>"; };
		3C9ED8722C37063B00383B6D /* Assets.xcassets */ = {isa = PBXFileReference; lastKnownFileType = folder.assetcatalog; path = Assets.xcassets; sourceTree = "<group>"; };
		3C9ED8752C37063B00383B6D /* Preview Assets.xcassets */ = {isa = PBXFileReference; lastKnownFileType = folder.assetcatalog; path = "Preview Assets.xcassets"; sourceTree = "<group>"; };
		3C9ED87F2C37077F00383B6D /* LoginView.swift */ = {isa = PBXFileReference; lastKnownFileType = sourcecode.swift; path = LoginView.swift; sourceTree = "<group>"; };
		3C9ED8812C37079700383B6D /* RegistrationView.swift */ = {isa = PBXFileReference; lastKnownFileType = sourcecode.swift; path = RegistrationView.swift; sourceTree = "<group>"; };
		3C9ED8832C3707A600383B6D /* ProfileView.swift */ = {isa = PBXFileReference; lastKnownFileType = sourcecode.swift; path = ProfileView.swift; sourceTree = "<group>"; };
		3C9ED8852C3707BD00383B6D /* TodoListView.swift */ = {isa = PBXFileReference; lastKnownFileType = sourcecode.swift; path = TodoListView.swift; sourceTree = "<group>"; };
		3C9ED8872C3707D000383B6D /* AddTodoView.swift */ = {isa = PBXFileReference; lastKnownFileType = sourcecode.swift; path = AddTodoView.swift; sourceTree = "<group>"; };
		3C9ED8892C3707E900383B6D /* LoginViewModel.swift */ = {isa = PBXFileReference; lastKnownFileType = sourcecode.swift; path = LoginViewModel.swift; sourceTree = "<group>"; };
		3C9ED88B2C3707F900383B6D /* RegistrationViewModel.swift */ = {isa = PBXFileReference; lastKnownFileType = sourcecode.swift; path = RegistrationViewModel.swift; sourceTree = "<group>"; };
		3C9ED88D2C37081200383B6D /* AddTodoViewModel.swift */ = {isa = PBXFileReference; lastKnownFileType = sourcecode.swift; path = AddTodoViewModel.swift; sourceTree = "<group>"; };
		3C9ED88F2C37082300383B6D /* TodoListViewModel.swift */ = {isa = PBXFileReference; lastKnownFileType = sourcecode.swift; path = TodoListViewModel.swift; sourceTree = "<group>"; };
		3C9ED8912C3709C500383B6D /* User.swift */ = {isa = PBXFileReference; lastKnownFileType = sourcecode.swift; path = User.swift; sourceTree = "<group>"; };
		3C9ED8932C3709D500383B6D /* TodoItem.swift */ = {isa = PBXFileReference; lastKnownFileType = sourcecode.swift; path = TodoItem.swift; sourceTree = "<group>"; };
		3C9ED8952C370A2A00383B6D /* ProfileViewModel.swift */ = {isa = PBXFileReference; lastKnownFileType = sourcecode.swift; path = ProfileViewModel.swift; sourceTree = "<group>"; };
		3C9ED8972C370A8300383B6D /* HeaderView.swift */ = {isa = PBXFileReference; lastKnownFileType = sourcecode.swift; path = HeaderView.swift; sourceTree = "<group>"; };
		3C9ED8992C370C7D00383B6D /* TodoButtonView.swift */ = {isa = PBXFileReference; lastKnownFileType = sourcecode.swift; path = TodoButtonView.swift; sourceTree = "<group>"; };
		3C9ED89B2C37631300383B6D /* HomeTabView.swift */ = {isa = PBXFileReference; lastKnownFileType = sourcecode.swift; path = HomeTabView.swift; sourceTree = "<group>"; };
		3C9ED89D2C37658D00383B6D /* APIRequest.swift */ = {isa = PBXFileReference; lastKnownFileType = sourcecode.swift; path = APIRequest.swift; sourceTree = "<group>"; };
		3C9ED8A32C38555A00383B6D /* WebService.swift */ = {isa = PBXFileReference; lastKnownFileType = sourcecode.swift; path = WebService.swift; sourceTree = "<group>"; };
		3C9ED8A62C38DF6200383B6D /* Constants.swift */ = {isa = PBXFileReference; fileEncoding = 4; lastKnownFileType = sourcecode.swift; path = Constants.swift; sourceTree = "<group>"; };
		3CD086C92C3B3282006A22C8 /* ActivityIndicatorView.swift */ = {isa = PBXFileReference; lastKnownFileType = sourcecode.swift; path = ActivityIndicatorView.swift; sourceTree = "<group>"; };
		3CD086CB2C3B34A2006A22C8 /* ActivityIndicator.swift */ = {isa = PBXFileReference; lastKnownFileType = sourcecode.swift; path = ActivityIndicator.swift; sourceTree = "<group>"; };
		3CD086CD2C3CC582006A22C8 /* AppState.swift */ = {isa = PBXFileReference; lastKnownFileType = sourcecode.swift; path = AppState.swift; sourceTree = "<group>"; };
		3CD086CF2C3DE196006A22C8 /* TempTodiView.swift */ = {isa = PBXFileReference; lastKnownFileType = sourcecode.swift; path = TempTodiView.swift; sourceTree = "<group>"; };
/* End PBXFileReference section */

/* Begin PBXFrameworksBuildPhase section */
		3C9ED8682C37063100383B6D /* Frameworks */ = {
			isa = PBXFrameworksBuildPhase;
			buildActionMask = 2147483647;
			files = (
			);
			runOnlyForDeploymentPostprocessing = 0;
		};
/* End PBXFrameworksBuildPhase section */

/* Begin PBXGroup section */
		3C9ED8622C37063100383B6D = {
			isa = PBXGroup;
			children = (
				3C9ED86D2C37063100383B6D /* mytodolist */,
				3C9ED86C2C37063100383B6D /* Products */,
			);
			sourceTree = "<group>";
		};
		3C9ED86C2C37063100383B6D /* Products */ = {
			isa = PBXGroup;
			children = (
				3C9ED86B2C37063100383B6D /* mytodolist.app */,
			);
			name = Products;
			sourceTree = "<group>";
		};
		3C9ED86D2C37063100383B6D /* mytodolist */ = {
			isa = PBXGroup;
			children = (
				3C9ED8A52C38DF6200383B6D /* Utilities */,
				3C9ED8A22C38554700383B6D /* Service */,
				3C9ED87E2C37076B00383B6D /* Views */,
				3C9ED87D2C37075E00383B6D /* ViewModels */,
				3C9ED87C2C37074D00383B6D /* Models */,
				3C9ED86E2C37063100383B6D /* mytodolistApp.swift */,
				3C9ED8702C37063100383B6D /* ContentView.swift */,
				3C9ED8722C37063B00383B6D /* Assets.xcassets */,
				3C9ED8742C37063B00383B6D /* Preview Content */,
			);
			path = mytodolist;
			sourceTree = "<group>";
		};
		3C9ED8742C37063B00383B6D /* Preview Content */ = {
			isa = PBXGroup;
			children = (
				3C9ED8752C37063B00383B6D /* Preview Assets.xcassets */,
			);
			path = "Preview Content";
			sourceTree = "<group>";
		};
		3C9ED87C2C37074D00383B6D /* Models */ = {
			isa = PBXGroup;
			children = (
				3C9ED8912C3709C500383B6D /* User.swift */,
				3C9ED8932C3709D500383B6D /* TodoItem.swift */,
				3C9ED89D2C37658D00383B6D /* APIRequest.swift */,
			);
			path = Models;
			sourceTree = "<group>";
		};
		3C9ED87D2C37075E00383B6D /* ViewModels */ = {
			isa = PBXGroup;
			children = (
				3C9ED8892C3707E900383B6D /* LoginViewModel.swift */,
				3C9ED88B2C3707F900383B6D /* RegistrationViewModel.swift */,
				3C9ED88D2C37081200383B6D /* AddTodoViewModel.swift */,
				3C9ED88F2C37082300383B6D /* TodoListViewModel.swift */,
				3C9ED8952C370A2A00383B6D /* ProfileViewModel.swift */,
			);
			path = ViewModels;
			sourceTree = "<group>";
		};
		3C9ED87E2C37076B00383B6D /* Views */ = {
			isa = PBXGroup;
			children = (
				3C9ED87F2C37077F00383B6D /* LoginView.swift */,
				3C9ED8812C37079700383B6D /* RegistrationView.swift */,
				3C9ED8832C3707A600383B6D /* ProfileView.swift */,
				3C9ED8852C3707BD00383B6D /* TodoListView.swift */,
				3C9ED8872C3707D000383B6D /* AddTodoView.swift */,
				3C9ED8972C370A8300383B6D /* HeaderView.swift */,
				3C9ED8992C370C7D00383B6D /* TodoButtonView.swift */,
				3C9ED89B2C37631300383B6D /* HomeTabView.swift */,
				3CD086C92C3B3282006A22C8 /* ActivityIndicatorView.swift */,
				3CD086CF2C3DE196006A22C8 /* TempTodiView.swift */,
			);
			path = Views;
			sourceTree = "<group>";
		};
		3C9ED8A22C38554700383B6D /* Service */ = {
			isa = PBXGroup;
			children = (
				3C9ED8A32C38555A00383B6D /* WebService.swift */,
			);
			path = Service;
			sourceTree = "<group>";
		};
		3C9ED8A52C38DF6200383B6D /* Utilities */ = {
			isa = PBXGroup;
			children = (
				3C9ED8A62C38DF6200383B6D /* Constants.swift */,
				3CD086CB2C3B34A2006A22C8 /* ActivityIndicator.swift */,
				3CD086CD2C3CC582006A22C8 /* AppState.swift */,
			);
			path = Utilities;
			sourceTree = "<group>";
		};
/* End PBXGroup section */

/* Begin PBXNativeTarget section */
		3C9ED86A2C37063100383B6D /* mytodolist */ = {
			isa = PBXNativeTarget;
			buildConfigurationList = 3C9ED8792C37063B00383B6D /* Build configuration list for PBXNativeTarget "mytodolist" */;
			buildPhases = (
				3C9ED8672C37063100383B6D /* Sources */,
				3C9ED8682C37063100383B6D /* Frameworks */,
				3C9ED8692C37063100383B6D /* Resources */,
			);
			buildRules = (
			);
			dependencies = (
			);
			name = mytodolist;
			productName = mytodolist;
			productReference = 3C9ED86B2C37063100383B6D /* mytodolist.app */;
			productType = "com.apple.product-type.application";
		};
/* End PBXNativeTarget section */

/* Begin PBXProject section */
		3C9ED8632C37063100383B6D /* Project object */ = {
			isa = PBXProject;
			attributes = {
				BuildIndependentTargetsInParallel = 1;
				LastSwiftUpdateCheck = 1520;
				LastUpgradeCheck = 1520;
				TargetAttributes = {
					3C9ED86A2C37063100383B6D = {
						CreatedOnToolsVersion = 15.2;
					};
				};
			};
			buildConfigurationList = 3C9ED8662C37063100383B6D /* Build configuration list for PBXProject "mytodolist" */;
			compatibilityVersion = "Xcode 14.0";
			developmentRegion = en;
			hasScannedForEncodings = 0;
			knownRegions = (
				en,
				Base,
			);
			mainGroup = 3C9ED8622C37063100383B6D;
			productRefGroup = 3C9ED86C2C37063100383B6D /* Products */;
			projectDirPath = "";
			projectRoot = "";
			targets = (
				3C9ED86A2C37063100383B6D /* mytodolist */,
			);
		};
/* End PBXProject section */

/* Begin PBXResourcesBuildPhase section */
		3C9ED8692C37063100383B6D /* Resources */ = {
			isa = PBXResourcesBuildPhase;
			buildActionMask = 2147483647;
			files = (
				3C9ED8762C37063B00383B6D /* Preview Assets.xcassets in Resources */,
				3C9ED8732C37063B00383B6D /* Assets.xcassets in Resources */,
			);
			runOnlyForDeploymentPostprocessing = 0;
		};
/* End PBXResourcesBuildPhase section */

/* Begin PBXSourcesBuildPhase section */
		3C9ED8672C37063100383B6D /* Sources */ = {
			isa = PBXSourcesBuildPhase;
			buildActionMask = 2147483647;
			files = (
				3C9ED8902C37082300383B6D /* TodoListViewModel.swift in Sources */,
				3C9ED8802C37077F00383B6D /* LoginView.swift in Sources */,
				3C9ED88C2C3707F900383B6D /* RegistrationViewModel.swift in Sources */,
				3C9ED8712C37063100383B6D /* ContentView.swift in Sources */,
				3C9ED8882C3707D000383B6D /* AddTodoView.swift in Sources */,
				3C9ED88E2C37081200383B6D /* AddTodoViewModel.swift in Sources */,
				3CD086D02C3DE196006A22C8 /* TempTodiView.swift in Sources */,
				3C9ED8962C370A2A00383B6D /* ProfileViewModel.swift in Sources */,
				3C9ED8862C3707BD00383B6D /* TodoListView.swift in Sources */,
				3C9ED88A2C3707E900383B6D /* LoginViewModel.swift in Sources */,
				3C9ED8922C3709C500383B6D /* User.swift in Sources */,
				3C9ED8A72C38DF6300383B6D /* Constants.swift in Sources */,
				3CD086CE2C3CC582006A22C8 /* AppState.swift in Sources */,
				3C9ED8982C370A8300383B6D /* HeaderView.swift in Sources */,
				3CD086CC2C3B34A2006A22C8 /* ActivityIndicator.swift in Sources */,
				3C9ED89C2C37631300383B6D /* HomeTabView.swift in Sources */,
				3C9ED86F2C37063100383B6D /* mytodolistApp.swift in Sources */,
				3C9ED89A2C370C7D00383B6D /* TodoButtonView.swift in Sources */,
				3C9ED8822C37079700383B6D /* RegistrationView.swift in Sources */,
				3CD086CA2C3B3282006A22C8 /* ActivityIndicatorView.swift in Sources */,
				3C9ED8942C3709D500383B6D /* TodoItem.swift in Sources */,
				3C9ED89E2C37658D00383B6D /* APIRequest.swift in Sources */,
				3C9ED8A42C38555A00383B6D /* WebService.swift in Sources */,
				3C9ED8842C3707A600383B6D /* ProfileView.swift in Sources */,
			);
			runOnlyForDeploymentPostprocessing = 0;
		};
/* End PBXSourcesBuildPhase section */

/* Begin XCBuildConfiguration section */
		3C9ED8772C37063B00383B6D /* Debug */ = {
			isa = XCBuildConfiguration;
			buildSettings = {
				ALWAYS_SEARCH_USER_PATHS = NO;
				ASSETCATALOG_COMPILER_GENERATE_SWIFT_ASSET_SYMBOL_EXTENSIONS = YES;
				CLANG_ANALYZER_NONNULL = YES;
				CLANG_ANALYZER_NUMBER_OBJECT_CONVERSION = YES_AGGRESSIVE;
				CLANG_CXX_LANGUAGE_STANDARD = "gnu++20";
				CLANG_ENABLE_MODULES = YES;
				CLANG_ENABLE_OBJC_ARC = YES;
				CLANG_ENABLE_OBJC_WEAK = YES;
				CLANG_WARN_BLOCK_CAPTURE_AUTORELEASING = YES;
				CLANG_WARN_BOOL_CONVERSION = YES;
				CLANG_WARN_COMMA = YES;
				CLANG_WARN_CONSTANT_CONVERSION = YES;
				CLANG_WARN_DEPRECATED_OBJC_IMPLEMENTATIONS = YES;
				CLANG_WARN_DIRECT_OBJC_ISA_USAGE = YES_ERROR;
				CLANG_WARN_DOCUMENTATION_COMMENTS = YES;
				CLANG_WARN_EMPTY_BODY = YES;
				CLANG_WARN_ENUM_CONVERSION = YES;
				CLANG_WARN_INFINITE_RECURSION = YES;
				CLANG_WARN_INT_CONVERSION = YES;
				CLANG_WARN_NON_LITERAL_NULL_CONVERSION = YES;
				CLANG_WARN_OBJC_IMPLICIT_RETAIN_SELF = YES;
				CLANG_WARN_OBJC_LITERAL_CONVERSION = YES;
				CLANG_WARN_OBJC_ROOT_CLASS = YES_ERROR;
				CLANG_WARN_QUOTED_INCLUDE_IN_FRAMEWORK_HEADER = YES;
				CLANG_WARN_RANGE_LOOP_ANALYSIS = YES;
				CLANG_WARN_STRICT_PROTOTYPES = YES;
				CLANG_WARN_SUSPICIOUS_MOVE = YES;
				CLANG_WARN_UNGUARDED_AVAILABILITY = YES_AGGRESSIVE;
				CLANG_WARN_UNREACHABLE_CODE = YES;
				CLANG_WARN__DUPLICATE_METHOD_MATCH = YES;
				COPY_PHASE_STRIP = NO;
				DEBUG_INFORMATION_FORMAT = dwarf;
				ENABLE_STRICT_OBJC_MSGSEND = YES;
				ENABLE_TESTABILITY = YES;
				ENABLE_USER_SCRIPT_SANDBOXING = YES;
				GCC_C_LANGUAGE_STANDARD = gnu17;
				GCC_DYNAMIC_NO_PIC = NO;
				GCC_NO_COMMON_BLOCKS = YES;
				GCC_OPTIMIZATION_LEVEL = 0;
				GCC_PREPROCESSOR_DEFINITIONS = (
					"DEBUG=1",
					"$(inherited)",
				);
				GCC_WARN_64_TO_32_BIT_CONVERSION = YES;
				GCC_WARN_ABOUT_RETURN_TYPE = YES_ERROR;
				GCC_WARN_UNDECLARED_SELECTOR = YES;
				GCC_WARN_UNINITIALIZED_AUTOS = YES_AGGRESSIVE;
				GCC_WARN_UNUSED_FUNCTION = YES;
				GCC_WARN_UNUSED_VARIABLE = YES;
				IPHONEOS_DEPLOYMENT_TARGET = 17.2;
				LOCALIZATION_PREFERS_STRING_CATALOGS = YES;
				MTL_ENABLE_DEBUG_INFO = INCLUDE_SOURCE;
				MTL_FAST_MATH = YES;
				ONLY_ACTIVE_ARCH = YES;
				SDKROOT = iphoneos;
				SWIFT_ACTIVE_COMPILATION_CONDITIONS = "DEBUG $(inherited)";
				SWIFT_OPTIMIZATION_LEVEL = "-Onone";
			};
			name = Debug;
		};
		3C9ED8782C37063B00383B6D /* Release */ = {
			isa = XCBuildConfiguration;
			buildSettings = {
				ALWAYS_SEARCH_USER_PATHS = NO;
				ASSETCATALOG_COMPILER_GENERATE_SWIFT_ASSET_SYMBOL_EXTENSIONS = YES;
				CLANG_ANALYZER_NONNULL = YES;
				CLANG_ANALYZER_NUMBER_OBJECT_CONVERSION = YES_AGGRESSIVE;
				CLANG_CXX_LANGUAGE_STANDARD = "gnu++20";
				CLANG_ENABLE_MODULES = YES;
				CLANG_ENABLE_OBJC_ARC = YES;
				CLANG_ENABLE_OBJC_WEAK = YES;
				CLANG_WARN_BLOCK_CAPTURE_AUTORELEASING = YES;
				CLANG_WARN_BOOL_CONVERSION = YES;
				CLANG_WARN_COMMA = YES;
				CLANG_WARN_CONSTANT_CONVERSION = YES;
				CLANG_WARN_DEPRECATED_OBJC_IMPLEMENTATIONS = YES;
				CLANG_WARN_DIRECT_OBJC_ISA_USAGE = YES_ERROR;
				CLANG_WARN_DOCUMENTATION_COMMENTS = YES;
				CLANG_WARN_EMPTY_BODY = YES;
				CLANG_WARN_ENUM_CONVERSION = YES;
				CLANG_WARN_INFINITE_RECURSION = YES;
				CLANG_WARN_INT_CONVERSION = YES;
				CLANG_WARN_NON_LITERAL_NULL_CONVERSION = YES;
				CLANG_WARN_OBJC_IMPLICIT_RETAIN_SELF = YES;
				CLANG_WARN_OBJC_LITERAL_CONVERSION = YES;
				CLANG_WARN_OBJC_ROOT_CLASS = YES_ERROR;
				CLANG_WARN_QUOTED_INCLUDE_IN_FRAMEWORK_HEADER = YES;
				CLANG_WARN_RANGE_LOOP_ANALYSIS = YES;
				CLANG_WARN_STRICT_PROTOTYPES = YES;
				CLANG_WARN_SUSPICIOUS_MOVE = YES;
				CLANG_WARN_UNGUARDED_AVAILABILITY = YES_AGGRESSIVE;
				CLANG_WARN_UNREACHABLE_CODE = YES;
				CLANG_WARN__DUPLICATE_METHOD_MATCH = YES;
				COPY_PHASE_STRIP = NO;
				DEBUG_INFORMATION_FORMAT = "dwarf-with-dsym";
				ENABLE_NS_ASSERTIONS = NO;
				ENABLE_STRICT_OBJC_MSGSEND = YES;
				ENABLE_USER_SCRIPT_SANDBOXING = YES;
				GCC_C_LANGUAGE_STANDARD = gnu17;
				GCC_NO_COMMON_BLOCKS = YES;
				GCC_WARN_64_TO_32_BIT_CONVERSION = YES;
				GCC_WARN_ABOUT_RETURN_TYPE = YES_ERROR;
				GCC_WARN_UNDECLARED_SELECTOR = YES;
				GCC_WARN_UNINITIALIZED_AUTOS = YES_AGGRESSIVE;
				GCC_WARN_UNUSED_FUNCTION = YES;
				GCC_WARN_UNUSED_VARIABLE = YES;
				IPHONEOS_DEPLOYMENT_TARGET = 17.2;
				LOCALIZATION_PREFERS_STRING_CATALOGS = YES;
				MTL_ENABLE_DEBUG_INFO = NO;
				MTL_FAST_MATH = YES;
				SDKROOT = iphoneos;
				SWIFT_COMPILATION_MODE = wholemodule;
				VALIDATE_PRODUCT = YES;
			};
			name = Release;
		};
		3C9ED87A2C37063B00383B6D /* Debug */ = {
			isa = XCBuildConfiguration;
			buildSettings = {
				ASSETCATALOG_COMPILER_APPICON_NAME = AppIcon;
				ASSETCATALOG_COMPILER_GLOBAL_ACCENT_COLOR_NAME = AccentColor;
				CODE_SIGN_STYLE = Automatic;
				CURRENT_PROJECT_VERSION = 1;
				DEVELOPMENT_ASSET_PATHS = "\"mytodolist/Preview Content\"";
				DEVELOPMENT_TEAM = L54WTEDEZ9;
				ENABLE_PREVIEWS = YES;
				GENERATE_INFOPLIST_FILE = YES;
				INFOPLIST_KEY_UIApplicationSceneManifest_Generation = YES;
				INFOPLIST_KEY_UIApplicationSupportsIndirectInputEvents = YES;
				INFOPLIST_KEY_UILaunchScreen_Generation = YES;
				INFOPLIST_KEY_UISupportedInterfaceOrientations_iPad = "UIInterfaceOrientationPortrait UIInterfaceOrientationPortraitUpsideDown UIInterfaceOrientationLandscapeLeft UIInterfaceOrientationLandscapeRight";
				INFOPLIST_KEY_UISupportedInterfaceOrientations_iPhone = "UIInterfaceOrientationPortrait UIInterfaceOrientationLandscapeLeft UIInterfaceOrientationLandscapeRight";
				LD_RUNPATH_SEARCH_PATHS = (
					"$(inherited)",
					"@executable_path/Frameworks",
				);
				MARKETING_VERSION = 1.0;
				PRODUCT_BUNDLE_IDENTIFIER = iosappdev.mytodolist;
				PRODUCT_NAME = "$(TARGET_NAME)";
				SWIFT_EMIT_LOC_STRINGS = YES;
				SWIFT_VERSION = 5.0;
				TARGETED_DEVICE_FAMILY = "1,2";
			};
			name = Debug;
		};
		3C9ED87B2C37063B00383B6D /* Release */ = {
			isa = XCBuildConfiguration;
			buildSettings = {
				ASSETCATALOG_COMPILER_APPICON_NAME = AppIcon;
				ASSETCATALOG_COMPILER_GLOBAL_ACCENT_COLOR_NAME = AccentColor;
				CODE_SIGN_STYLE = Automatic;
				CURRENT_PROJECT_VERSION = 1;
				DEVELOPMENT_ASSET_PATHS = "\"mytodolist/Preview Content\"";
				DEVELOPMENT_TEAM = L54WTEDEZ9;
				ENABLE_PREVIEWS = YES;
				GENERATE_INFOPLIST_FILE = YES;
				INFOPLIST_KEY_UIApplicationSceneManifest_Generation = YES;
				INFOPLIST_KEY_UIApplicationSupportsIndirectInputEvents = YES;
				INFOPLIST_KEY_UILaunchScreen_Generation = YES;
				INFOPLIST_KEY_UISupportedInterfaceOrientations_iPad = "UIInterfaceOrientationPortrait UIInterfaceOrientationPortraitUpsideDown UIInterfaceOrientationLandscapeLeft UIInterfaceOrientationLandscapeRight";
				INFOPLIST_KEY_UISupportedInterfaceOrientations_iPhone = "UIInterfaceOrientationPortrait UIInterfaceOrientationLandscapeLeft UIInterfaceOrientationLandscapeRight";
				LD_RUNPATH_SEARCH_PATHS = (
					"$(inherited)",
					"@executable_path/Frameworks",
				);
				MARKETING_VERSION = 1.0;
				PRODUCT_BUNDLE_IDENTIFIER = iosappdev.mytodolist;
				PRODUCT_NAME = "$(TARGET_NAME)";
				SWIFT_EMIT_LOC_STRINGS = YES;
				SWIFT_VERSION = 5.0;
				TARGETED_DEVICE_FAMILY = "1,2";
			};
			name = Release;
		};
/* End XCBuildConfiguration section */

/* Begin XCConfigurationList section */
		3C9ED8662C37063100383B6D /* Build configuration list for PBXProject "mytodolist" */ = {
			isa = XCConfigurationList;
			buildConfigurations = (
				3C9ED8772C37063B00383B6D /* Debug */,
				3C9ED8782C37063B00383B6D /* Release */,
			);
			defaultConfigurationIsVisible = 0;
			defaultConfigurationName = Release;
		};
		3C9ED8792C37063B00383B6D /* Build configuration list for PBXNativeTarget "mytodolist" */ = {
			isa = XCConfigurationList;
			buildConfigurations = (
				3C9ED87A2C37063B00383B6D /* Debug */,
				3C9ED87B2C37063B00383B6D /* Release */,
			);
			defaultConfigurationIsVisible = 0;
			defaultConfigurationName = Release;
		};
/* End XCConfigurationList section */
	};
	rootObject = 3C9ED8632C37063100383B6D /* Project object */;
}
